
Microsoft Visual Studio Solution File, Format Version 12.00
# Visual Studio Version 17
VisualStudioVersion = 17.14.36811.4
MinimumVisualStudioVersion = 10.0.40219.1
Project("{FAE04EC0-301F-11D3-BF4B-00C04F79EFBC}") = "TIA1", "TIA1.csproj", "{DD9CEA65-E2FD-4538-BB73-D1053D5AA31D}"
EndProject
Project("{FAE04EC0-301F-11D3-BF4B-00C04F79EFBC}") = "CapaDatos", "CapaDatos\CapaDatos.csproj", "{28D8529B-2BC6-40B0-8463-9FA77ACBF7FA}"
EndProject
Project("{FAE04EC0-301F-11D3-BF4B-00C04F79EFBC}") = "CapaNegocio", "CapaNegocio\CapaNegocio.csproj", "{ADC4A52F-9B60-4617-A403-016B411727E2}"
EndProject
Global
	GlobalSection(SolutionConfigurationPlatforms) = preSolution
		Debug|Any CPU = Debug|Any CPU
		Debug|x64 = Debug|x64
		Debug|x86 = Debug|x86
		Release|Any CPU = Release|Any CPU
		Release|x64 = Release|x64
		Release|x86 = Release|x86
	EndGlobalSection
	GlobalSection(ProjectConfigurationPlatforms) = postSolution
		{DD9CEA65-E2FD-4538-BB73-D1053D5AA31D}.Debug|Any CPU.ActiveCfg = Debug|Any CPU
		{DD9CEA65-E2FD-4538-BB73-D1053D5AA31D}.Debug|Any CPU.Build.0 = Debug|Any CPU
		{DD9CEA65-E2FD-4538-BB73-D1053D5AA31D}.Debug|x64.ActiveCfg = Debug|Any CPU
		{DD9CEA65-E2FD-4538-BB73-D1053D5AA31D}.Debug|x64.Build.0 = Debug|Any CPU
		{DD9CEA65-E2FD-4538-BB73-D1053D5AA31D}.Debug|x86.ActiveCfg = Debug|Any CPU
		{DD9CEA65-E2FD-4538-BB73-D1053D5AA31D}.Debug|x86.Build.0 = Debug|Any CPU
		{DD9CEA65-E2FD-4538-BB73-D1053D5AA31D}.Release|Any CPU.ActiveCfg = Release|Any CPU
		{DD9CEA65-E2FD-4538-BB73-D1053D5AA31D}.Release|Any CPU.Build.0 = Release|Any CPU
		{DD9CEA65-E2FD-4538-BB73-D1053D5AA31D}.Release|x64.ActiveCfg = Release|Any CPU
		{DD9CEA65-E2FD-4538-BB73-D1053D5AA31D}.Release|x64.Build.0 = Release|Any CPU
		{DD9CEA65-E2FD-4538-BB73-D1053D5AA31D}.Release|x86.ActiveCfg = Release|Any CPU
		{DD9CEA65-E2FD-4538-BB73-D1053D5AA31D}.Release|x86.Build.0 = Release|Any CPU
		{28D8529B-2BC6-40B0-8463-9FA77ACBF7FA}.Debug|Any CPU.ActiveCfg = Debug|Any CPU
		{28D8529B-2BC6-40B0-8463-9FA77ACBF7FA}.Debug|Any CPU.Build.0 = Debug|Any CPU
		{28D8529B-2BC6-40B0-8463-9FA77ACBF7FA}.Debug|x64.ActiveCfg = Debug|Any CPU
		{28D8529B-2BC6-40B0-8463-9FA77ACBF7FA}.Debug|x64.Build.0 = Debug|Any CPU
		{28D8529B-2BC6-40B0-8463-9FA77ACBF7FA}.Debug|x86.ActiveCfg = Debug|Any CPU
		{28D8529B-2BC6-40B0-8463-9FA77ACBF7FA}.Debug|x86.Build.0 = Debug|Any CPU
		{28D8529B-2BC6-40B0-8463-9FA77ACBF7FA}.Release|Any CPU.ActiveCfg = Release|Any CPU
		{28D8529B-2BC6-40B0-8463-9FA77ACBF7FA}.Release|Any CPU.Build.0 = Release|Any CPU
		{28D8529B-2BC6-40B0-8463-9FA77ACBF7FA}.Release|x64.ActiveCfg = Release|Any CPU
		{28D8529B-2BC6-40B0-8463-9FA77ACBF7FA}.Release|x64.Build.0 = Release|Any CPU
		{28D8529B-2BC6-40B0-8463-9FA77ACBF7FA}.Release|x86.ActiveCfg = Release|Any CPU
		{28D8529B-2BC6-40B0-8463-9FA77ACBF7FA}.Release|x86.Build.0 = Release|Any CPU
		{ADC4A52F-9B60-4617-A403-016B411727E2}.Debug|Any CPU.ActiveCfg = Debug|Any CPU
		{ADC4A52F-9B60-4617-A403-016B411727E2}.Debug|Any CPU.Build.0 = Debug|Any CPU
		{ADC4A52F-9B60-4617-A403-016B411727E2}.Debug|x64.ActiveCfg = Debug|Any CPU
		{ADC4A52F-9B60-4617-A403-016B411727E2}.Debug|x64.Build.0 = Debug|Any CPU
		{ADC4A52F-9B60-4617-A403-016B411727E2}.Debug|x86.ActiveCfg = Debug|Any CPU
		{ADC4A52F-9B60-4617-A403-016B411727E2}.Debug|x86.Build.0 = Debug|Any CPU
		{ADC4A52F-9B60-4617-A403-016B411727E2}.Release|Any CPU.ActiveCfg = Release|Any CPU
		{ADC4A52F-9B60-4617-A403-016B411727E2}.Release|Any CPU.Build.0 = Release|Any CPU
		{ADC4A52F-9B60-4617-A403-016B411727E2}.Release|x64.ActiveCfg = Release|Any CPU
		{ADC4A52F-9B60-4617-A403-016B411727E2}.Release|x64.Build.0 = Release|Any CPU
		{ADC4A52F-9B60-4617-A403-016B411727E2}.Release|x86.ActiveCfg = Release|Any CPU
		{ADC4A52F-9B60-4617-A403-016B411727E2}.Release|x86.Build.0 = Release|Any CPU
	EndGlobalSection
	GlobalSection(SolutionProperties) = preSolution
		HideSolutionNode = FALSE
	EndGlobalSection
	GlobalSection(ExtensibilityGlobals) = postSolution
		SolutionGuid = {12DBEB0B-93D7-4784-856F-525AAEA92748}
	EndGlobalSection
EndGlobal
